{
  "version": 4,
  "terraform_version": "1.12.1",
  "serial": 9,
  "lineage": "9fd71c28-94b9-743d-88ca-4e311cbd3274",
  "outputs": {},
  "resources": [
    {
      "mode": "managed",
      "type": "azurerm_linux_virtual_machine",
      "name": "vm",
      "provider": "provider[\"registry.terraform.io/hashicorp/azurerm\"]",
      "instances": [
        {
          "schema_version": 0,
          "attributes": {
            "additional_capabilities": [],
            "admin_password": null,
            "admin_ssh_key": [
              {
                "public_key": "ssh-rsa AAAAB3NzaC1yc2EAAAADAQABAAACAQDOowjPoRFcpIx54l2dhBeYxnBZFbI5IVFWYvsbHKJl8A/ikdnoZz72x1V4I2G+/VsCpytWg8Lgm5EZbjxbBZinl57fg9TRBFFPpPU8WTmDHSf9iU4kfs5Cc/Ej5obWEAOBs/2xsrWSDjjQkRyUteRbrW7cxQkloCmXqyfriCUh4teK6BSZr6Hxun8cbDVqc94w3eoIGpQEliVSb6o/B7JmySDp8CSN/2G75NLPSiDNUe2tyDGss4gzA4b4s5H5DjfWU0GiltZrbDMZ9CE4Jj0cFq3TZAq7Ltem/muqd6Z5CGUi2Unwv4t5gg3APS7jfZl6+m2a6VVNeWI+d5S+0qLzOwv2i3r7KA0rtT1DFmBYXn3rpME7naiTq7AwUYuFDjmMAhOWpfCOyUPDZRResoW6AcdegQtZwAIww5G5NvywdoMBN0WTE7Wa0kisxV6YS45D4NfxevatCyxXka67nT25aCcyvqGILWS1XwIterZTg84REWEtDLwBXJY+SeqcxLh8rD3GZ0ceAZLAZaZWLC62GlZY4u8vUfaZCOE8l5UfbCe5hBXr6+yCo1elw9M+SW+YnW362F5GpyjF/fcdJNJmTddQuAO6WwEnuyZwS96Zryx6E+IzcB7U7NDxsqRZHBGDC8O9F8evEkbg3bfo2rGF3i5y0TdhGJ02ZkFmhrGVWQ== lenovo@DESKTOP-PAN9VTB\n",
                "username": "azureuser"
              }
            ],
            "admin_username": "azureuser",
            "allow_extension_operations": true,
            "availability_set_id": "",
            "boot_diagnostics": [],
            "bypass_platform_safety_checks_on_user_schedule_enabled": false,
            "capacity_reservation_group_id": "",
            "computer_name": "devopsvm",
            "custom_data": null,
            "dedicated_host_group_id": "",
            "dedicated_host_id": "",
            "disable_password_authentication": true,
            "disk_controller_type": "",
            "edge_zone": "",
            "encryption_at_host_enabled": false,
            "eviction_policy": "",
            "extensions_time_budget": "PT1H30M",
            "gallery_application": [],
            "id": "/subscriptions/5360a7b1-e347-43ae-9aab-1ac05b79f0d7/resourceGroups/devops-rg/providers/Microsoft.Compute/virtualMachines/devopsvm",
            "identity": [],
            "license_type": "",
            "location": "eastus",
            "max_bid_price": -1,
            "name": "devopsvm",
            "network_interface_ids": [
              "/subscriptions/5360a7b1-e347-43ae-9aab-1ac05b79f0d7/resourceGroups/devops-rg/providers/Microsoft.Network/networkInterfaces/devops-nic"
            ],
            "os_disk": [
              {
                "caching": "ReadWrite",
                "diff_disk_settings": [],
                "disk_encryption_set_id": "",
                "disk_size_gb": 30,
                "id": "/subscriptions/5360a7b1-e347-43ae-9aab-1ac05b79f0d7/resourceGroups/devops-rg/providers/Microsoft.Compute/disks/devopsvm_disk1_156c1d86cf5a473cbf36f1b2d568c2ca",
                "name": "devopsvm_disk1_156c1d86cf5a473cbf36f1b2d568c2ca",
                "secure_vm_disk_encryption_set_id": "",
                "security_encryption_type": "",
                "storage_account_type": "Standard_LRS",
                "write_accelerator_enabled": false
              }
            ],
            "os_image_notification": [],
            "patch_assessment_mode": "ImageDefault",
            "patch_mode": "ImageDefault",
            "plan": [],
            "platform_fault_domain": -1,
            "priority": "Regular",
            "private_ip_address": "10.0.1.4",
            "private_ip_addresses": [
              "10.0.1.4"
            ],
            "provision_vm_agent": true,
            "proximity_placement_group_id": "",
            "public_ip_address": "40.71.216.244",
            "public_ip_addresses": [
              "40.71.216.244"
            ],
            "reboot_setting": "",
            "resource_group_name": "devops-rg",
            "secret": [],
            "secure_boot_enabled": false,
            "size": "Standard_B1s",
            "source_image_id": "",
            "source_image_reference": [
              {
                "offer": "UbuntuServer",
                "publisher": "Canonical",
                "sku": "18.04-LTS",
                "version": "latest"
              }
            ],
            "tags": null,
            "termination_notification": null,
            "timeouts": null,
            "user_data": "",
            "virtual_machine_id": "9bed059e-3456-4f03-8550-9db12a7e5f15",
            "virtual_machine_scale_set_id": "",
            "vm_agent_platform_updates_enabled": false,
            "vtpm_enabled": false,
            "zone": ""
          },
          "sensitive_attributes": [
            [
              {
                "type": "get_attr",
                "value": "admin_password"
              }
            ],
            [
              {
                "type": "get_attr",
                "value": "custom_data"
              }
            ]
          ],
          "identity_schema_version": 0,
          "private": "eyJlMmJmYjczMC1lY2FhLTExZTYtOGY4OC0zNDM2M2JjN2M0YzAiOnsiY3JlYXRlIjoyNzAwMDAwMDAwMDAwLCJkZWxldGUiOjI3MDAwMDAwMDAwMDAsInJlYWQiOjMwMDAwMDAwMDAwMCwidXBkYXRlIjoyNzAwMDAwMDAwMDAwfX0=",
          "dependencies": [
            "azurerm_network_interface.nic",
            "azurerm_public_ip.pip",
            "azurerm_resource_group.rg",
            "azurerm_subnet.subnet",
            "azurerm_virtual_network.vnet"
          ]
        }
      ]
    },
    {
      "mode": "managed",
      "type": "azurerm_network_interface",
      "name": "nic",
      "provider": "provider[\"registry.terraform.io/hashicorp/azurerm\"]",
      "instances": [
        {
          "schema_version": 0,
          "attributes": {
            "accelerated_networking_enabled": false,
            "applied_dns_servers": [],
            "auxiliary_mode": "",
            "auxiliary_sku": "",
            "dns_servers": null,
            "edge_zone": "",
            "id": "/subscriptions/5360a7b1-e347-43ae-9aab-1ac05b79f0d7/resourceGroups/devops-rg/providers/Microsoft.Network/networkInterfaces/devops-nic",
            "internal_dns_name_label": "",
            "internal_domain_name_suffix": "gexlwgwdkwnudnghacwr1m224f.bx.internal.cloudapp.net",
            "ip_configuration": [
              {
                "gateway_load_balancer_frontend_ip_configuration_id": "",
                "name": "internal",
                "primary": true,
                "private_ip_address": "10.0.1.4",
                "private_ip_address_allocation": "Dynamic",
                "private_ip_address_version": "IPv4",
                "public_ip_address_id": "/subscriptions/5360a7b1-e347-43ae-9aab-1ac05b79f0d7/resourceGroups/devops-rg/providers/Microsoft.Network/publicIPAddresses/devops-pip",
                "subnet_id": "/subscriptions/5360a7b1-e347-43ae-9aab-1ac05b79f0d7/resourceGroups/devops-rg/providers/Microsoft.Network/virtualNetworks/devops-vnet/subnets/devops-subnet"
              }
            ],
            "ip_forwarding_enabled": false,
            "location": "eastus",
            "mac_address": "",
            "name": "devops-nic",
            "private_ip_address": "10.0.1.4",
            "private_ip_addresses": [
              "10.0.1.4"
            ],
            "resource_group_name": "devops-rg",
            "tags": null,
            "timeouts": null,
            "virtual_machine_id": ""
          },
          "sensitive_attributes": [],
          "identity_schema_version": 0,
          "private": "eyJlMmJmYjczMC1lY2FhLTExZTYtOGY4OC0zNDM2M2JjN2M0YzAiOnsiY3JlYXRlIjoxODAwMDAwMDAwMDAwLCJkZWxldGUiOjE4MDAwMDAwMDAwMDAsInJlYWQiOjMwMDAwMDAwMDAwMCwidXBkYXRlIjoxODAwMDAwMDAwMDAwfX0=",
          "dependencies": [
            "azurerm_public_ip.pip",
            "azurerm_resource_group.rg",
            "azurerm_subnet.subnet",
            "azurerm_virtual_network.vnet"
          ]
        }
      ]
    },
    {
      "mode": "managed",
      "type": "azurerm_public_ip",
      "name": "pip",
      "provider": "provider[\"registry.terraform.io/hashicorp/azurerm\"]",
      "instances": [
        {
          "schema_version": 0,
          "attributes": {
            "allocation_method": "Static",
            "ddos_protection_mode": "VirtualNetworkInherited",
            "ddos_protection_plan_id": null,
            "domain_name_label": "devops-pip-devopsvm",
            "domain_name_label_scope": "",
            "edge_zone": "",
            "fqdn": "devops-pip-devopsvm.eastus.cloudapp.azure.com",
            "id": "/subscriptions/5360a7b1-e347-43ae-9aab-1ac05b79f0d7/resourceGroups/devops-rg/providers/Microsoft.Network/publicIPAddresses/devops-pip",
            "idle_timeout_in_minutes": 4,
            "ip_address": "40.71.216.244",
            "ip_tags": null,
            "ip_version": "IPv4",
            "location": "eastus",
            "name": "devops-pip",
            "public_ip_prefix_id": null,
            "resource_group_name": "devops-rg",
            "reverse_fqdn": "",
            "sku": "Standard",
            "sku_tier": "Regional",
            "tags": null,
            "timeouts": null,
            "zones": null
          },
          "sensitive_attributes": [],
          "identity_schema_version": 0,
          "private": "eyJlMmJmYjczMC1lY2FhLTExZTYtOGY4OC0zNDM2M2JjN2M0YzAiOnsiY3JlYXRlIjoxODAwMDAwMDAwMDAwLCJkZWxldGUiOjE4MDAwMDAwMDAwMDAsInJlYWQiOjMwMDAwMDAwMDAwMCwidXBkYXRlIjoxODAwMDAwMDAwMDAwfX0=",
          "dependencies": [
            "azurerm_resource_group.rg"
          ]
        }
      ]
    },
    {
      "mode": "managed",
      "type": "azurerm_resource_group",
      "name": "rg",
      "provider": "provider[\"registry.terraform.io/hashicorp/azurerm\"]",
      "instances": [
        {
          "schema_version": 0,
          "attributes": {
            "id": "/subscriptions/5360a7b1-e347-43ae-9aab-1ac05b79f0d7/resourceGroups/devops-rg",
            "location": "eastus",
            "managed_by": "",
            "name": "devops-rg",
            "tags": {},
            "timeouts": null
          },
          "sensitive_attributes": [],
          "identity_schema_version": 0,
          "private": "eyJlMmJmYjczMC1lY2FhLTExZTYtOGY4OC0zNDM2M2JjN2M0YzAiOnsiY3JlYXRlIjo1NDAwMDAwMDAwMDAwLCJkZWxldGUiOjU0MDAwMDAwMDAwMDAsInJlYWQiOjMwMDAwMDAwMDAwMCwidXBkYXRlIjo1NDAwMDAwMDAwMDAwfX0="
        }
      ]
    },
    {
      "mode": "managed",
      "type": "azurerm_subnet",
      "name": "subnet",
      "provider": "provider[\"registry.terraform.io/hashicorp/azurerm\"]",
      "instances": [
        {
          "schema_version": 0,
          "attributes": {
            "address_prefixes": [
              "10.0.1.0/24"
            ],
            "default_outbound_access_enabled": true,
            "delegation": [],
            "id": "/subscriptions/5360a7b1-e347-43ae-9aab-1ac05b79f0d7/resourceGroups/devops-rg/providers/Microsoft.Network/virtualNetworks/devops-vnet/subnets/devops-subnet",
            "name": "devops-subnet",
            "private_endpoint_network_policies": "Disabled",
            "private_link_service_network_policies_enabled": true,
            "resource_group_name": "devops-rg",
            "service_endpoint_policy_ids": [],
            "service_endpoints": [],
            "timeouts": null,
            "virtual_network_name": "devops-vnet"
          },
          "sensitive_attributes": [],
          "identity_schema_version": 0,
          "private": "eyJlMmJmYjczMC1lY2FhLTExZTYtOGY4OC0zNDM2M2JjN2M0YzAiOnsiY3JlYXRlIjoxODAwMDAwMDAwMDAwLCJkZWxldGUiOjE4MDAwMDAwMDAwMDAsInJlYWQiOjMwMDAwMDAwMDAwMCwidXBkYXRlIjoxODAwMDAwMDAwMDAwfX0=",
          "dependencies": [
            "azurerm_resource_group.rg",
            "azurerm_virtual_network.vnet"
          ]
        }
      ]
    },
    {
      "mode": "managed",
      "type": "azurerm_virtual_network",
      "name": "vnet",
      "provider": "provider[\"registry.terraform.io/hashicorp/azurerm\"]",
      "instances": [
        {
          "schema_version": 0,
          "attributes": {
            "address_space": [
              "10.0.0.0/16"
            ],
            "bgp_community": "",
            "ddos_protection_plan": [],
            "dns_servers": [],
            "edge_zone": "",
            "encryption": [],
            "flow_timeout_in_minutes": 0,
            "guid": "1abb2e31-55c3-419b-b4c7-00ad1db39cf5",
            "id": "/subscriptions/5360a7b1-e347-43ae-9aab-1ac05b79f0d7/resourceGroups/devops-rg/providers/Microsoft.Network/virtualNetworks/devops-vnet",
            "ip_address_pool": [],
            "location": "eastus",
            "name": "devops-vnet",
            "private_endpoint_vnet_policies": "Disabled",
            "resource_group_name": "devops-rg",
            "subnet": [
              {
                "address_prefixes": [
                  "10.0.1.0/24"
                ],
                "default_outbound_access_enabled": true,
                "delegation": [],
                "id": "/subscriptions/5360a7b1-e347-43ae-9aab-1ac05b79f0d7/resourceGroups/devops-rg/providers/Microsoft.Network/virtualNetworks/devops-vnet/subnets/devops-subnet",
                "name": "devops-subnet",
                "private_endpoint_network_policies": "Disabled",
                "private_link_service_network_policies_enabled": true,
                "route_table_id": "",
                "security_group": "",
                "service_endpoint_policy_ids": [],
                "service_endpoints": []
              }
            ],
            "tags": {},
            "timeouts": null
          },
          "sensitive_attributes": [],
          "identity_schema_version": 0,
          "private": "eyJlMmJmYjczMC1lY2FhLTExZTYtOGY4OC0zNDM2M2JjN2M0YzAiOnsiY3JlYXRlIjoxODAwMDAwMDAwMDAwLCJkZWxldGUiOjE4MDAwMDAwMDAwMDAsInJlYWQiOjMwMDAwMDAwMDAwMCwidXBkYXRlIjoxODAwMDAwMDAwMDAwfX0=",
          "dependencies": [
            "azurerm_resource_group.rg"
          ]
        }
      ]
    }
  ],
  "check_results": null
}
